
Microsoft Visual Studio Solution File, Format Version 12.00
# Visual Studio Version 17
VisualStudioVersion = 17.9.34728.123
MinimumVisualStudioVersion = 10.0.40219.1
Project("{8BC9CEB8-8B4A-11D0-8D11-00A0C91BC942}") = "MsgQMgrTest", "MsgQMgrTest\MsgQMgrTest.vcxproj", "{2112BBA1-D640-42E0-9985-277619EF737B}"
EndProject
Project("{8BC9CEB8-8B4A-11D0-8D11-00A0C91BC942}") = "FileMgrTest", "FileMgrTest\FileMgrTest.vcxproj", "{06DD8924-A0CA-4791-BDD6-846A03584E4D}"
EndProject
Project("{8BC9CEB8-8B4A-11D0-8D11-00A0C91BC942}") = "DBMgrTest", "DBMgrTest\DBMgrTest.vcxproj", "{E8C30E7A-883E-46A2-B1F0-78BDA33A87B2}"
EndProject
Project("{8BC9CEB8-8B4A-11D0-8D11-00A0C91BC942}") = "SerialMgrTest", "SerialMgrTest\SerialMgrTest.vcxproj", "{6DCAA394-6CF4-40D9-B8DA-1CB38868B391}"
EndProject
Project("{8BC9CEB8-8B4A-11D0-8D11-00A0C91BC942}") = "TcpClientMgrTest", "TcpClientMgrTest\TcpClientMgrTest.vcxproj", "{5E5FC412-2C44-4A34-BB68-AF02AFECD214}"
EndProject
Project("{8BC9CEB8-8B4A-11D0-8D11-00A0C91BC942}") = "TcpServerMgrTest", "TcpServerMgrTest\TcpServerMgrTest.vcxproj", "{E2C62C93-B999-4F6C-9705-C2DE4C900D1B}"
EndProject
Project("{8BC9CEB8-8B4A-11D0-8D11-00A0C91BC942}") = "TeleComMgrTest", "TeleComMgrTest\TeleComMgrTest.vcxproj", "{57B71DEC-3590-472E-947A-FD5ACD453323}"
EndProject
Project("{8BC9CEB8-8B4A-11D0-8D11-00A0C91BC942}") = "TimeMgrTest", "TimeMgrTest\TimeMgrTest.vcxproj", "{B2E5DF49-102E-4EEF-B1CD-A69AB507C2A9}"
EndProject
Project("{8BC9CEB8-8B4A-11D0-8D11-00A0C91BC942}") = "UdpMgrTest", "UdpMgrTest\UdpMgrTest.vcxproj", "{2B961F1F-0DBD-4DB6-88AB-31AF2A378527}"
EndProject
Project("{8BC9CEB8-8B4A-11D0-8D11-00A0C91BC942}") = "TableMgrTest", "TableMgrTest\TableMgrTest.vcxproj", "{47751441-3FD6-4099-8017-CC5C2C7A496D}"
EndProject
Project("{8BC9CEB8-8B4A-11D0-8D11-00A0C91BC942}") = "MqttMgrTest", "MqttMgrTest\MqttMgrTest.vcxproj", "{A1A91B13-6515-4431-89A1-ABD90506D9EB}"
EndProject
Project("{8BC9CEB8-8B4A-11D0-8D11-00A0C91BC942}") = "PipeMgrTest", "PipeMgrTest\PipeMgrTest.vcxproj", "{B68EB2FD-2278-451C-ABDA-26829803C6CF}"
EndProject
Global
	GlobalSection(SolutionConfigurationPlatforms) = preSolution
		Debug|x64 = Debug|x64
		Debug|x86 = Debug|x86
		Release|x64 = Release|x64
		Release|x86 = Release|x86
	EndGlobalSection
	GlobalSection(ProjectConfigurationPlatforms) = postSolution
		{2112BBA1-D640-42E0-9985-277619EF737B}.Debug|x64.ActiveCfg = Debug|x64
		{2112BBA1-D640-42E0-9985-277619EF737B}.Debug|x64.Build.0 = Debug|x64
		{2112BBA1-D640-42E0-9985-277619EF737B}.Debug|x86.ActiveCfg = Debug|Win32
		{2112BBA1-D640-42E0-9985-277619EF737B}.Debug|x86.Build.0 = Debug|Win32
		{2112BBA1-D640-42E0-9985-277619EF737B}.Release|x64.ActiveCfg = Release|x64
		{2112BBA1-D640-42E0-9985-277619EF737B}.Release|x64.Build.0 = Release|x64
		{2112BBA1-D640-42E0-9985-277619EF737B}.Release|x86.ActiveCfg = Release|Win32
		{2112BBA1-D640-42E0-9985-277619EF737B}.Release|x86.Build.0 = Release|Win32
		{06DD8924-A0CA-4791-BDD6-846A03584E4D}.Debug|x64.ActiveCfg = Debug|x64
		{06DD8924-A0CA-4791-BDD6-846A03584E4D}.Debug|x64.Build.0 = Debug|x64
		{06DD8924-A0CA-4791-BDD6-846A03584E4D}.Debug|x86.ActiveCfg = Debug|Win32
		{06DD8924-A0CA-4791-BDD6-846A03584E4D}.Debug|x86.Build.0 = Debug|Win32
		{06DD8924-A0CA-4791-BDD6-846A03584E4D}.Release|x64.ActiveCfg = Release|x64
		{06DD8924-A0CA-4791-BDD6-846A03584E4D}.Release|x64.Build.0 = Release|x64
		{06DD8924-A0CA-4791-BDD6-846A03584E4D}.Release|x86.ActiveCfg = Release|Win32
		{06DD8924-A0CA-4791-BDD6-846A03584E4D}.Release|x86.Build.0 = Release|Win32
		{E8C30E7A-883E-46A2-B1F0-78BDA33A87B2}.Debug|x64.ActiveCfg = Debug|x64
		{E8C30E7A-883E-46A2-B1F0-78BDA33A87B2}.Debug|x64.Build.0 = Debug|x64
		{E8C30E7A-883E-46A2-B1F0-78BDA33A87B2}.Debug|x86.ActiveCfg = Debug|Win32
		{E8C30E7A-883E-46A2-B1F0-78BDA33A87B2}.Debug|x86.Build.0 = Debug|Win32
		{E8C30E7A-883E-46A2-B1F0-78BDA33A87B2}.Release|x64.ActiveCfg = Release|x64
		{E8C30E7A-883E-46A2-B1F0-78BDA33A87B2}.Release|x64.Build.0 = Release|x64
		{E8C30E7A-883E-46A2-B1F0-78BDA33A87B2}.Release|x86.ActiveCfg = Release|Win32
		{E8C30E7A-883E-46A2-B1F0-78BDA33A87B2}.Release|x86.Build.0 = Release|Win32
		{6DCAA394-6CF4-40D9-B8DA-1CB38868B391}.Debug|x64.ActiveCfg = Debug|x64
		{6DCAA394-6CF4-40D9-B8DA-1CB38868B391}.Debug|x64.Build.0 = Debug|x64
		{6DCAA394-6CF4-40D9-B8DA-1CB38868B391}.Debug|x86.ActiveCfg = Debug|Win32
		{6DCAA394-6CF4-40D9-B8DA-1CB38868B391}.Debug|x86.Build.0 = Debug|Win32
		{6DCAA394-6CF4-40D9-B8DA-1CB38868B391}.Release|x64.ActiveCfg = Release|x64
		{6DCAA394-6CF4-40D9-B8DA-1CB38868B391}.Release|x64.Build.0 = Release|x64
		{6DCAA394-6CF4-40D9-B8DA-1CB38868B391}.Release|x86.ActiveCfg = Release|Win32
		{6DCAA394-6CF4-40D9-B8DA-1CB38868B391}.Release|x86.Build.0 = Release|Win32
		{5E5FC412-2C44-4A34-BB68-AF02AFECD214}.Debug|x64.ActiveCfg = Debug|x64
		{5E5FC412-2C44-4A34-BB68-AF02AFECD214}.Debug|x64.Build.0 = Debug|x64
		{5E5FC412-2C44-4A34-BB68-AF02AFECD214}.Debug|x86.ActiveCfg = Debug|Win32
		{5E5FC412-2C44-4A34-BB68-AF02AFECD214}.Debug|x86.Build.0 = Debug|Win32
		{5E5FC412-2C44-4A34-BB68-AF02AFECD214}.Release|x64.ActiveCfg = Release|x64
		{5E5FC412-2C44-4A34-BB68-AF02AFECD214}.Release|x64.Build.0 = Release|x64
		{5E5FC412-2C44-4A34-BB68-AF02AFECD214}.Release|x86.ActiveCfg = Release|Win32
		{5E5FC412-2C44-4A34-BB68-AF02AFECD214}.Release|x86.Build.0 = Release|Win32
		{E2C62C93-B999-4F6C-9705-C2DE4C900D1B}.Debug|x64.ActiveCfg = Debug|x64
		{E2C62C93-B999-4F6C-9705-C2DE4C900D1B}.Debug|x64.Build.0 = Debug|x64
		{E2C62C93-B999-4F6C-9705-C2DE4C900D1B}.Debug|x86.ActiveCfg = Debug|Win32
		{E2C62C93-B999-4F6C-9705-C2DE4C900D1B}.Debug|x86.Build.0 = Debug|Win32
		{E2C62C93-B999-4F6C-9705-C2DE4C900D1B}.Release|x64.ActiveCfg = Release|x64
		{E2C62C93-B999-4F6C-9705-C2DE4C900D1B}.Release|x64.Build.0 = Release|x64
		{E2C62C93-B999-4F6C-9705-C2DE4C900D1B}.Release|x86.ActiveCfg = Release|Win32
		{E2C62C93-B999-4F6C-9705-C2DE4C900D1B}.Release|x86.Build.0 = Release|Win32
		{57B71DEC-3590-472E-947A-FD5ACD453323}.Debug|x64.ActiveCfg = Debug|x64
		{57B71DEC-3590-472E-947A-FD5ACD453323}.Debug|x64.Build.0 = Debug|x64
		{57B71DEC-3590-472E-947A-FD5ACD453323}.Debug|x86.ActiveCfg = Debug|Win32
		{57B71DEC-3590-472E-947A-FD5ACD453323}.Debug|x86.Build.0 = Debug|Win32
		{57B71DEC-3590-472E-947A-FD5ACD453323}.Release|x64.ActiveCfg = Release|x64
		{57B71DEC-3590-472E-947A-FD5ACD453323}.Release|x64.Build.0 = Release|x64
		{57B71DEC-3590-472E-947A-FD5ACD453323}.Release|x86.ActiveCfg = Release|Win32
		{57B71DEC-3590-472E-947A-FD5ACD453323}.Release|x86.Build.0 = Release|Win32
		{B2E5DF49-102E-4EEF-B1CD-A69AB507C2A9}.Debug|x64.ActiveCfg = Debug|x64
		{B2E5DF49-102E-4EEF-B1CD-A69AB507C2A9}.Debug|x64.Build.0 = Debug|x64
		{B2E5DF49-102E-4EEF-B1CD-A69AB507C2A9}.Debug|x86.ActiveCfg = Debug|Win32
		{B2E5DF49-102E-4EEF-B1CD-A69AB507C2A9}.Debug|x86.Build.0 = Debug|Win32
		{B2E5DF49-102E-4EEF-B1CD-A69AB507C2A9}.Release|x64.ActiveCfg = Release|x64
		{B2E5DF49-102E-4EEF-B1CD-A69AB507C2A9}.Release|x64.Build.0 = Release|x64
		{B2E5DF49-102E-4EEF-B1CD-A69AB507C2A9}.Release|x86.ActiveCfg = Release|Win32
		{B2E5DF49-102E-4EEF-B1CD-A69AB507C2A9}.Release|x86.Build.0 = Release|Win32
		{2B961F1F-0DBD-4DB6-88AB-31AF2A378527}.Debug|x64.ActiveCfg = Debug|x64
		{2B961F1F-0DBD-4DB6-88AB-31AF2A378527}.Debug|x64.Build.0 = Debug|x64
		{2B961F1F-0DBD-4DB6-88AB-31AF2A378527}.Debug|x86.ActiveCfg = Debug|Win32
		{2B961F1F-0DBD-4DB6-88AB-31AF2A378527}.Debug|x86.Build.0 = Debug|Win32
		{2B961F1F-0DBD-4DB6-88AB-31AF2A378527}.Release|x64.ActiveCfg = Release|x64
		{2B961F1F-0DBD-4DB6-88AB-31AF2A378527}.Release|x64.Build.0 = Release|x64
		{2B961F1F-0DBD-4DB6-88AB-31AF2A378527}.Release|x86.ActiveCfg = Release|Win32
		{2B961F1F-0DBD-4DB6-88AB-31AF2A378527}.Release|x86.Build.0 = Release|Win32
		{47751441-3FD6-4099-8017-CC5C2C7A496D}.Debug|x64.ActiveCfg = Debug|x64
		{47751441-3FD6-4099-8017-CC5C2C7A496D}.Debug|x64.Build.0 = Debug|x64
		{47751441-3FD6-4099-8017-CC5C2C7A496D}.Debug|x86.ActiveCfg = Debug|Win32
		{47751441-3FD6-4099-8017-CC5C2C7A496D}.Debug|x86.Build.0 = Debug|Win32
		{47751441-3FD6-4099-8017-CC5C2C7A496D}.Release|x64.ActiveCfg = Release|x64
		{47751441-3FD6-4099-8017-CC5C2C7A496D}.Release|x64.Build.0 = Release|x64
		{47751441-3FD6-4099-8017-CC5C2C7A496D}.Release|x86.ActiveCfg = Release|Win32
		{47751441-3FD6-4099-8017-CC5C2C7A496D}.Release|x86.Build.0 = Release|Win32
		{A1A91B13-6515-4431-89A1-ABD90506D9EB}.Debug|x64.ActiveCfg = Debug|x64
		{A1A91B13-6515-4431-89A1-ABD90506D9EB}.Debug|x64.Build.0 = Debug|x64
		{A1A91B13-6515-4431-89A1-ABD90506D9EB}.Debug|x86.ActiveCfg = Debug|Win32
		{A1A91B13-6515-4431-89A1-ABD90506D9EB}.Debug|x86.Build.0 = Debug|Win32
		{A1A91B13-6515-4431-89A1-ABD90506D9EB}.Release|x64.ActiveCfg = Release|x64
		{A1A91B13-6515-4431-89A1-ABD90506D9EB}.Release|x64.Build.0 = Release|x64
		{A1A91B13-6515-4431-89A1-ABD90506D9EB}.Release|x86.ActiveCfg = Release|Win32
		{A1A91B13-6515-4431-89A1-ABD90506D9EB}.Release|x86.Build.0 = Release|Win32
		{B68EB2FD-2278-451C-ABDA-26829803C6CF}.Debug|x64.ActiveCfg = Debug|x64
		{B68EB2FD-2278-451C-ABDA-26829803C6CF}.Debug|x64.Build.0 = Debug|x64
		{B68EB2FD-2278-451C-ABDA-26829803C6CF}.Debug|x86.ActiveCfg = Debug|Win32
		{B68EB2FD-2278-451C-ABDA-26829803C6CF}.Debug|x86.Build.0 = Debug|Win32
		{B68EB2FD-2278-451C-ABDA-26829803C6CF}.Release|x64.ActiveCfg = Release|x64
		{B68EB2FD-2278-451C-ABDA-26829803C6CF}.Release|x64.Build.0 = Release|x64
		{B68EB2FD-2278-451C-ABDA-26829803C6CF}.Release|x86.ActiveCfg = Release|Win32
		{B68EB2FD-2278-451C-ABDA-26829803C6CF}.Release|x86.Build.0 = Release|Win32
	EndGlobalSection
	GlobalSection(SolutionProperties) = preSolution
		HideSolutionNode = FALSE
	EndGlobalSection
	GlobalSection(ExtensibilityGlobals) = postSolution
		SolutionGuid = {40D98739-4053-4A31-8723-210050EAFF8B}
	EndGlobalSection
EndGlobal
